# This file is automatically @generated by Cargo.
# It is not intended for manual editing.
version = 4

[[package]]
name = "autocfg"
version = "1.5.0"
source = "registry+https://github.com/rust-lang/crates.io-index"
checksum = "c08606f8c3cbf4ce6ec8e28fb0014a2c086708fe954eaa885384a6165172e7e8"

[[package]]
name = "blas"
version = "0.15.5"
source = "registry+https://github.com/rust-lang/crates.io-index"
checksum = "99fcce8fe34703652bd09e5cfc8b5a6d85485aa68fe00ca0d7abe94d18623f94"
dependencies = [
 "blas-sys",
 "libc",
 "num-complex 0.1.44",
]

[[package]]
name = "blas-sys"
version = "0.6.9"
source = "registry+https://github.com/rust-lang/crates.io-index"
checksum = "d8f9828026cdd2441c52d1299842da7baff09d325a98f6e97df527ad8f29a095"
dependencies = [
 "libc",
 "openblas-src",
]

[[package]]
name = "crossbeam-deque"
version = "0.8.6"
source = "registry+https://github.com/rust-lang/crates.io-index"
checksum = "9dd111b7b7f7d55b72c0a6ae361660ee5853c9af73f70c3c2ef6858b950e2e51"
dependencies = [
 "crossbeam-epoch",
 "crossbeam-utils",
]

[[package]]
name = "crossbeam-epoch"
version = "0.9.18"
source = "registry+https://github.com/rust-lang/crates.io-index"
checksum = "5b82ac4a3c2ca9c3460964f020e1402edd5753411d7737aa39c3714ad1b5420e"
dependencies = [
 "crossbeam-utils",
]

[[package]]
name = "crossbeam-utils"
version = "0.8.21"
source = "registry+https://github.com/rust-lang/crates.io-index"
checksum = "d0a5c400df2834b80a4c3327b3aad3a4c4cd4de0629063962b03235697506a28"

[[package]]
name = "d10"
version = "0.1.0"
dependencies = [
 "linxal",
 "ndarray 0.17.1",
 "rayon",
 "rulinalg",
]

[[package]]
name = "either"
version = "1.15.0"
source = "registry+https://github.com/rust-lang/crates.io-index"
checksum = "48c757948c5ede0e46177b7add2e67155f70e33c07fea8284df6576da70b3719"

[[package]]
name = "fuchsia-cprng"
version = "0.1.1"
source = "registry+https://github.com/rust-lang/crates.io-index"
checksum = "a06f77d526c1a601b7c4cdd98f54b5eaabffc14d5f2f0296febdc7f357c6d3ba"

[[package]]
name = "itertools"
version = "0.6.5"
source = "registry+https://github.com/rust-lang/crates.io-index"
checksum = "d3f2be4da1690a039e9ae5fd575f706a63ad5a2120f161b1d653c9da3930dd21"
dependencies = [
 "either",
]

[[package]]
name = "lapack"
version = "0.11.4"
source = "registry+https://github.com/rust-lang/crates.io-index"
checksum = "e372b9e14c2ada73027a09e650ae1a3b27412aecaa69a27920c4bbb804148a6e"
dependencies = [
 "lapack-sys",
 "libc",
 "num-complex 0.1.44",
]

[[package]]
name = "lapack-sys"
version = "0.11.7"
source = "registry+https://github.com/rust-lang/crates.io-index"
checksum = "184913bf587768a16a07e0dbee47f64be9dc62ccdb91796352c3f92cf2298536"
dependencies = [
 "libc",
 "openblas-src",
]

[[package]]
name = "libc"
version = "0.2.178"
source = "registry+https://github.com/rust-lang/crates.io-index"
checksum = "37c93d8daa9d8a012fd8ab92f088405fb202ea0b6ab73ee2482ae66af4f42091"

[[package]]
name = "linxal"
version = "0.6.0"
source = "registry+https://github.com/rust-lang/crates.io-index"
checksum = "04af8617a3637a88c5351dc5bafbb9ae536a5b53c9917de3733de61bbd3dadb5"
dependencies = [
 "blas",
 "blas-sys",
 "lapack",
 "lapack-sys",
 "libc",
 "ndarray 0.9.1",
 "num-traits 0.1.43",
 "rand 0.3.23",
]

[[package]]
name = "matrixmultiply"
version = "0.1.15"
source = "registry+https://github.com/rust-lang/crates.io-index"
checksum = "dcad67dcec2d58ff56f6292582377e6921afdf3bfbd533e26fb8900ae575e002"
dependencies = [
 "rawpointer 0.1.0",
]

[[package]]
name = "matrixmultiply"
version = "0.3.10"
source = "registry+https://github.com/rust-lang/crates.io-index"
checksum = "a06de3016e9fae57a36fd14dba131fccf49f74b40b7fbdb472f96e361ec71a08"
dependencies = [
 "autocfg",
 "rawpointer 0.2.1",
]

[[package]]
name = "ndarray"
version = "0.9.1"
source = "registry+https://github.com/rust-lang/crates.io-index"
checksum = "9d0603e041601804a61a33ebecbea220b43a86437b9ee20680a1f9fdaaa922a8"
dependencies = [
 "itertools",
 "matrixmultiply 0.1.15",
 "num-complex 0.1.44",
 "num-traits 0.1.43",
]

[[package]]
name = "ndarray"
version = "0.17.1"
source = "registry+https://github.com/rust-lang/crates.io-index"
checksum = "0c7c9125e8f6f10c9da3aad044cc918cf8784fa34de857b1aa68038eb05a50a9"
dependencies = [
 "matrixmultiply 0.3.10",
 "num-complex 0.4.6",
 "num-integer",
 "num-traits 0.2.19",
 "portable-atomic",
 "portable-atomic-util",
 "rawpointer 0.2.1",
]

[[package]]
name = "num"
version = "0.1.43"
source = "registry+https://github.com/rust-lang/crates.io-index"
checksum = "c9bdb1fb680e609c2e0930c1866cafdd0be7e7c7a1ecf92aec71ed8d99d3e133"
dependencies = [
 "num-integer",
 "num-iter",
 "num-traits 0.2.19",
]

[[package]]
name = "num-complex"
version = "0.1.44"
source = "registry+https://github.com/rust-lang/crates.io-index"
checksum = "17cf384bef067563c44d41028840dbecc7f06f2aa5d7881a81dfb0fc7c72f202"
dependencies = [
 "autocfg",
 "num-traits 0.2.19",
]

[[package]]
name = "num-complex"
version = "0.4.6"
source = "registry+https://github.com/rust-lang/crates.io-index"
checksum = "73f88a1307638156682bada9d7604135552957b7818057dcef22705b4d509495"
dependencies = [
 "num-traits 0.2.19",
]

[[package]]
name = "num-integer"
version = "0.1.46"
source = "registry+https://github.com/rust-lang/crates.io-index"
checksum = "7969661fd2958a5cb096e56c8e1ad0444ac2bbcd0061bd28660485a44879858f"
dependencies = [
 "num-traits 0.2.19",
]

[[package]]
name = "num-iter"
version = "0.1.45"
source = "registry+https://github.com/rust-lang/crates.io-index"
checksum = "1429034a0490724d0075ebb2bc9e875d6503c3cf69e235a8941aa757d83ef5bf"
dependencies = [
 "autocfg",
 "num-integer",
 "num-traits 0.2.19",
]

[[package]]
name = "num-traits"
version = "0.1.43"
source = "registry+https://github.com/rust-lang/crates.io-index"
checksum = "92e5113e9fd4cc14ded8e499429f396a20f98c772a47cc8622a736e1ec843c31"
dependencies = [
 "num-traits 0.2.19",
]

[[package]]
name = "num-traits"
version = "0.2.19"
source = "registry+https://github.com/rust-lang/crates.io-index"
checksum = "071dfc062690e90b734c0b2273ce72ad0ffa95f0c74596bc250dcfd960262841"
dependencies = [
 "autocfg",
]

[[package]]
name = "openblas-src"
version = "0.5.6"
source = "registry+https://github.com/rust-lang/crates.io-index"
checksum = "68d293fca3c73ad377ddd2236d32c828a50a611a5b472bf6a884b9b60a4acd97"

[[package]]
name = "portable-atomic"
version = "1.11.1"
source = "registry+https://github.com/rust-lang/crates.io-index"
checksum = "f84267b20a16ea918e43c6a88433c2d54fa145c92a811b5b047ccbe153674483"

[[package]]
name = "portable-atomic-util"
version = "0.2.4"
source = "registry+https://github.com/rust-lang/crates.io-index"
checksum = "d8a2f0d8d040d7848a709caf78912debcc3f33ee4b3cac47d73d1e1069e83507"
dependencies = [
 "portable-atomic",
]

[[package]]
name = "rand"
version = "0.3.23"
source = "registry+https://github.com/rust-lang/crates.io-index"
checksum = "64ac302d8f83c0c1974bf758f6b041c6c8ada916fbb44a609158ca8b064cc76c"
dependencies = [
 "libc",
 "rand 0.4.6",
]

[[package]]
name = "rand"
version = "0.4.6"
source = "registry+https://github.com/rust-lang/crates.io-index"
checksum = "552840b97013b1a26992c11eac34bdd778e464601a4c2054b5f0bff7c6761293"
dependencies = [
 "fuchsia-cprng",
 "libc",
 "rand_core 0.3.1",
 "rdrand",
 "winapi",
]

[[package]]
name = "rand_core"
version = "0.3.1"
source = "registry+https://github.com/rust-lang/crates.io-index"
checksum = "7a6fdeb83b075e8266dcc8762c22776f6877a63111121f5f8c7411e5be7eed4b"
dependencies = [
 "rand_core 0.4.2",
]

[[package]]
name = "rand_core"
version = "0.4.2"
source = "registry+https://github.com/rust-lang/crates.io-index"
checksum = "9c33a3c44ca05fa6f1807d8e6743f3824e8509beca625669633be0acbdf509dc"

[[package]]
name = "rawpointer"
version = "0.1.0"
source = "registry+https://github.com/rust-lang/crates.io-index"
checksum = "ebac11a9d2e11f2af219b8b8d833b76b1ea0e054aa0e8d8e9e4cbde353bdf019"

[[package]]
name = "rawpointer"
version = "0.2.1"
source = "registry+https://github.com/rust-lang/crates.io-index"
checksum = "60a357793950651c4ed0f3f52338f53b2f809f32d83a07f72909fa13e4c6c1e3"

[[package]]
name = "rayon"
version = "1.11.0"
source = "registry+https://github.com/rust-lang/crates.io-index"
checksum = "368f01d005bf8fd9b1206fb6fa653e6c4a81ceb1466406b81792d87c5677a58f"
dependencies = [
 "either",
 "rayon-core",
]

[[package]]
name = "rayon-core"
version = "1.13.0"
source = "registry+https://github.com/rust-lang/crates.io-index"
checksum = "22e18b0f0062d30d4230b2e85ff77fdfe4326feb054b9783a3460d8435c8ab91"
dependencies = [
 "crossbeam-deque",
 "crossbeam-utils",
]

[[package]]
name = "rdrand"
version = "0.4.0"
source = "registry+https://github.com/rust-lang/crates.io-index"
checksum = "678054eb77286b51581ba43620cc911abf02758c91f93f479767aed0f90458b2"
dependencies = [
 "rand_core 0.3.1",
]

[[package]]
name = "rulinalg"
version = "0.4.2"
source = "registry+https://github.com/rust-lang/crates.io-index"
checksum = "04ada202c9685e1d72a7420c578e92b358dbf807d3dfabb676a3dab9cc3bb12f"
dependencies = [
 "matrixmultiply 0.1.15",
 "num",
]

[[package]]
name = "winapi"
version = "0.3.9"
source = "registry+https://github.com/rust-lang/crates.io-index"
checksum = "5c839a674fcd7a98952e593242ea400abe93992746761e38641405d28b00f419"
dependencies = [
 "winapi-i686-pc-windows-gnu",
 "winapi-x86_64-pc-windows-gnu",
]

[[package]]
name = "winapi-i686-pc-windows-gnu"
version = "0.4.0"
source = "registry+https://github.com/rust-lang/crates.io-index"
checksum = "ac3b87c63620426dd9b991e5ce0329eff545bccbbb34f3be09ff6fb6ab51b7b6"

[[package]]
name = "winapi-x86_64-pc-windows-gnu"
version = "0.4.0"
source = "registry+https://github.com/rust-lang/crates.io-index"
checksum = "712e227841d057c1ee1cd2fb22fa7e5a5461ae8e48fa2ca79ec42cfc1931183f"
